bazil.org/fuse v0.0.0-20230120002735-62a210ff1fd5 h1:A0NsYy4lDBZAC6QiYeJ4N+XuHIKBpyhAVRMHRQZKTeQ=
bazil.org/fuse v0.0.0-20230120002735-62a210ff1fd5/go.mod h1:gG3RZAMXCa/OTes6rr9EwusmR1OH1tDDy+cg9c5YliY=
github.com/tv42/httpunix v0.0.0-20191220191345-2ba4b9c3382c h1:u6SKchux2yDvFQnDHS3lPnIRmfVJ5Sxy3ao2SIdysLQ=
github.com/tv42/httpunix v0.0.0-20191220191345-2ba4b9c3382c/go.mod h1:hzIxponao9Kjc7aWznkXaL4U4TWaDSs8zcsY4Ka08nM=
github.com/yuin/gopher-lua v1.1.1 h1:kYKnWBjvbNP4XLT3+bPEwAXJx262OhaHDWDVOPjL46M=
github.com/yuin/gopher-lua v1.1.1/go.mod h1:GBR0iDaNXjAgGg9zfCvksxSRnQx76gclCIb7kdAd1Pw=
golang.org/x/sys v0.35.0 h1:vz1N37gP5bs89s7He8XuIYXpyY0+QlsKmzipCbUtyxI=
golang.org/x/sys v0.35.0/go.mod h1:BJP2sWEmIv4KK5OTEluFJCKSidICx8ciO85XgH3Ak8k=
gopkg.in/check.v1 v0.0.0-20161208181325-20d25e280405 h1:yhCVgyC4o1eVCa2tZl7eS0r+SDo693bJlVdllGtEeKM=
gopkg.in/check.v1 v0.0.0-20161208181325-20d25e280405/go.mod h1:Co6ibVJAznAaIkqp8huTwlJQCZ016jof/cbN4VW5Yz0=
gopkg.in/yaml.v3 v3.0.1 h1:fxVm/GzAzEWqLHuvctI91KS9hhNmmWOoWu0XTYJS7CA=
gopkg.in/yaml.v3 v3.0.1/go.mod h1:K4uyk7z7BCEPqu6E+C64Yfv1cQ7kz7rIZviUmN+EgEM=
